{
  "requires": true,
  "lockfileVersion": 1,
  "dependencies": {
    "react-hook-form": {
      "version": "6.10.1",
      "resolved": "https://registry.npmjs.org/react-hook-form/-/react-hook-form-6.10.1.tgz",
      "integrity": "sha512-tPfNu2q8HUUKL4gOsJzzoBX8+3y2brJk+61TO+RO9GtpLnWPptLrAIupMtyPeENMpLmLfBKHhT9nfezHLTW2mA=="
    }
  }
}
