# THIS IS AN AUTOGENERATED FILE. DO NOT EDIT THIS FILE DIRECTLY.
# yarn lockfile v1


react-hook-form@6.10.1:
  version "6.10.1"
  resolved "https://registry.yarnpkg.com/react-hook-form/-/react-hook-form-6.10.1.tgz#71ff7eb07ec2588af3007a09adcdfa65d3451b33"
  integrity sha512-tPfNu2q8HUUKL4gOsJzzoBX8+3y2brJk+61TO+RO9GtpLnWPptLrAIupMtyPeENMpLmLfBKHhT9nfezHLTW2mA==
